
Microsoft Visual Studio Solution File, Format Version 12.00
Project("{FAE04EC0-301F-11D3-BF4B-00C04F79EFBC}") = "Api", "Api\Api.csproj", "{C1E38016-88CA-4696-BF3B-CAFFAC69C21C}"
EndProject
Project("{FAE04EC0-301F-11D3-BF4B-00C04F79EFBC}") = "Core", "Core\Core.csproj", "{21616381-7C8A-4359-8613-5187DA365A79}"
EndProject
Project("{FAE04EC0-301F-11D3-BF4B-00C04F79EFBC}") = "Persistence", "Persistence\Persistence.csproj", "{110061A2-6B48-46DF-B113-434E2AFAC273}"
EndProject
Global
	GlobalSection(SolutionConfigurationPlatforms) = preSolution
		Debug|Any CPU = Debug|Any CPU
		Release|Any CPU = Release|Any CPU
	EndGlobalSection
	GlobalSection(ProjectConfigurationPlatforms) = postSolution
		{C1E38016-88CA-4696-BF3B-CAFFAC69C21C}.Debug|Any CPU.ActiveCfg = Debug|Any CPU
		{C1E38016-88CA-4696-BF3B-CAFFAC69C21C}.Debug|Any CPU.Build.0 = Debug|Any CPU
		{C1E38016-88CA-4696-BF3B-CAFFAC69C21C}.Release|Any CPU.ActiveCfg = Release|Any CPU
		{C1E38016-88CA-4696-BF3B-CAFFAC69C21C}.Release|Any CPU.Build.0 = Release|Any CPU
		{21616381-7C8A-4359-8613-5187DA365A79}.Debug|Any CPU.ActiveCfg = Debug|Any CPU
		{21616381-7C8A-4359-8613-5187DA365A79}.Debug|Any CPU.Build.0 = Debug|Any CPU
		{21616381-7C8A-4359-8613-5187DA365A79}.Release|Any CPU.ActiveCfg = Release|Any CPU
		{21616381-7C8A-4359-8613-5187DA365A79}.Release|Any CPU.Build.0 = Release|Any CPU
		{110061A2-6B48-46DF-B113-434E2AFAC273}.Debug|Any CPU.ActiveCfg = Debug|Any CPU
		{110061A2-6B48-46DF-B113-434E2AFAC273}.Debug|Any CPU.Build.0 = Debug|Any CPU
		{110061A2-6B48-46DF-B113-434E2AFAC273}.Release|Any CPU.ActiveCfg = Release|Any CPU
		{110061A2-6B48-46DF-B113-434E2AFAC273}.Release|Any CPU.Build.0 = Release|Any CPU
	EndGlobalSection
EndGlobal
